{
  "nodes": {
    "nixpkgs": {
      "locked": {
        "lastModified": 1708979614,
        "narHash": "sha256-FWLWmYojIg6TeqxSnHkKpHu5SGnFP5um1uUjH+wRV6g=",
        "owner": "NixOS",
        "repo": "nixpkgs",
        "rev": "b7ee09cf5614b02d289cd86fcfa6f24d4e078c2a",
        "type": "github"
      },
      "original": {
        "owner": "NixOS",
        "ref": "nixos-23.11",
        "repo": "nixpkgs",
        "type": "github"
      }
    },
    "root": {
      "inputs": {
        "nixpkgs": "nixpkgs"
      }
    }
  },
  "root": "root",
  "version": 7
}
